{"name": "lab3-dynamic-threshold", "spoiler": "剧透警告：这题的阈值不是常数。做完练习再解码。", "engine_b64": "IyBsYWIzIOW8leaTju+8muWkp+WNleWHgOa1geWFpe+8iOWKqOaAgemYiOWAvOaho++8ieOAguino+eggeacrOaWh+S7tiA9IOS9nOW8iuOAggppbXBvcnQgbWF0aApmcm9tIGJpc2VjdCBpbXBvcnQgYmlzZWN0X2xlZnQKZnJvbSBkYXRldGltZSBpbXBvcnQgdGltZWRlbHRhCgpCVUNLRVQgPSAxNSAgICAgICAgIyDliIbpkp/vvJrlj6PlvoTliLfmlrDlkajmnJ8KTE9PS0JBQ0sgPSAxMjAgICAgICMg5YiG6ZKf77ya5Zue55yL56qX5Y+jClBDVCA9IDkwICAgICAgICAgICAjIOWIhuS9jeaVsApST1VORF9UTyA9IDUwICAgICAgIyDpmIjlgLzlj5bmlbTnspLluqYKRkxPT1IgPSAxMDAgICAgICAgICMg6ZiI5YC85LiL6ZmQCgpkZWYgX2J1Y2tldF9zdGFydCh0cyk6CiAgICBtaW5zID0gdHMuaG91ciAqIDYwICsgdHMubWludXRlCiAgICBiYXNlID0gdHMucmVwbGFjZShob3VyPTAsIG1pbnV0ZT0wLCBzZWNvbmQ9MCwgbWljcm9zZWNvbmQ9MCkKICAgIHJldHVybiBiYXNlICsgdGltZWRlbHRhKG1pbnV0ZXM9bWlucyAtIG1pbnMgJSBCVUNLRVQpCgpkZWYgX3RocmVzaG9sZChiLCB0c19hbGwsIHJvd3MpOgogICAgbG8gPSBiIC0gdGltZWRlbHRhKG1pbnV0ZXM9TE9PS0JBQ0spCiAgICBpID0gYmlzZWN0X2xlZnQodHNfYWxsLCBsbykKICAgIGogPSBiaXNlY3RfbGVmdCh0c19hbGwsIGIpCiAgICB2YWxzID0gc29ydGVkKHJvd1syXSBmb3Igcm93IGluIHJvd3NbaTpqXSkKICAgIGlmIG5vdCB2YWxzOgogICAgICAgIHJldHVybiBmbG9hdChGTE9PUikKICAgIHA5MCA9IHZhbHNbbWF4KDAsIGludChtYXRoLmNlaWwoUENUIC8gMTAwLjAgKiBsZW4odmFscykpKSAtIDEpXQogICAgcmV0dXJuIGZsb2F0KG1heChGTE9PUiwgUk9VTkRfVE8gKiBpbnQocDkwIC8gUk9VTkRfVE8gKyAwLjUpKSkKCmRlZiBjb21wdXRlKHdpbiwgdHJhZGVzLCBwYXJhbXMpOgogICAgc2lnbiA9IHsiYnV5IjogMS4wLCAic2VsbCI6IC0xLjB9CiAgICB0c19hbGwgPSBbcm93WzBdIGZvciByb3cgaW4gdHJhZGVzXQogICAgdG90YWwgPSAwLjAKICAgIGJpZyA9IDAuMAogICAgY2FjaGUgPSB7fQogICAgZm9yIHRzLCBzaWRlLCBxdW90ZSwgX3ByaWNlIGluIHdpbjoKICAgICAgICBzID0gc2lnbltzaWRlXSAqIHF1b3RlCiAgICAgICAgdG90YWwgKz0gcwogICAgICAgIGIgPSBfYnVja2V0X3N0YXJ0KHRzKQogICAgICAgIGlmIGIgbm90IGluIGNhY2hlOgogICAgICAgICAgICBjYWNoZVtiXSA9IF90aHJlc2hvbGQoYiwgdHNfYWxsLCB0cmFkZXMpCiAgICAgICAgaWYgcXVvdGUgPj0gY2FjaGVbYl06CiAgICAgICAgICAgIGJpZyArPSBzCiAgICByZXR1cm4geyJ0b3RhbF9uZXQiOiB0b3RhbCwgImJpZ19uZXQiOiBiaWcsICJiaWdfbGFiZWwiOiAi5aSn5Y2VOiDlj6PlvoTmnKrlhazlvIAifQo="}