{"name": "lab1-static-threshold", "spoiler": "剧透警告：做完练习再解码，现在回头还来得及。", "engine_b64": "IyBsYWIxIOW8leaTju+8muWkp+WNleWHgOa1geWFpe+8iOmdmeaAgemYiOWAvOaho++8ieOAguino+eggeacrOaWh+S7tiA9IOS9nOW8iuOAggpkZWYgY29tcHV0ZSh3aW4sIHRyYWRlcywgcGFyYW1zKToKICAgIHNpZ24gPSB7ImJ1eSI6IDEuMCwgInNlbGwiOiAtMS4wfQogICAgVEhSRVNIT0xEID0gNDAwMC4wCiAgICBNVUxUSVBMSUVSID0gMi4wCiAgICB0b3RhbCA9IDAuMAogICAgYmlnID0gMC4wCiAgICBmb3IgX3RzLCBzaWRlLCBxdW90ZSwgX3ByaWNlIGluIHdpbjoKICAgICAgICBzID0gc2lnbltzaWRlXSAqIHF1b3RlCiAgICAgICAgdG90YWwgKz0gcwogICAgICAgIGlmIHF1b3RlID49IFRIUkVTSE9MRDoKICAgICAgICAgICAgYmlnICs9IHMKICAgIHJldHVybiB7CiAgICAgICAgInRvdGFsX25ldCI6IHRvdGFsLAogICAgICAgICJiaWdfbmV0IjogTVVMVElQTElFUiAqIGJpZywKICAgICAgICAiYmlnX2xhYmVsIjogIuWkp+WNlTog5Y2V56yUID49IDQsMDAwIFVTRFQiLAogICAgfQo="}