{"name": "lab2-aggregation-tiers", "spoiler": "剧透警告：做完练习再解码，现在回头还来得及。", "engine_b64": "IyBsYWIyIOW8leaTju+8muWIhuaho+i1hOmHkea1geWQkeOAguino+eggeacrOaWh+S7tiA9IOS9nOW8iuOAggpmcm9tIGJpc2VjdCBpbXBvcnQgYmlzZWN0X3JpZ2h0CgpFREdFUyA9IFsxMDAwLjAsIDMwMDAuMCwgMTAwMDAuMF0KTkFNRVMgPSBbIuWwj+WNlSIsICLkuK3ljZUiLCAi5aSn5Y2VIiwgIuW3qOWNlSJdCgpkZWYgY29tcHV0ZSh3aW4sIHRyYWRlcywgcGFyYW1zKToKICAgIHNpZ24gPSB7ImJ1eSI6IDEuMCwgInNlbGwiOiAtMS4wfQogICAgbmV0cyA9IFswLjAsIDAuMCwgMC4wLCAwLjBdCiAgICBjbnRzID0gWzAsIDAsIDAsIDBdCiAgICBmb3IgX3RzLCBzaWRlLCBxdW90ZSwgX3ByaWNlIGluIHdpbjoKICAgICAgICBrID0gYmlzZWN0X3JpZ2h0KEVER0VTLCBxdW90ZSkKICAgICAgICBuZXRzW2tdICs9IHNpZ25bc2lkZV0gKiBxdW90ZQogICAgICAgIGNudHNba10gKz0gMQogICAgdGllcnMgPSBbeyJuYW1lIjogbiwgIm5ldCI6IHYsICJjb3VudCI6IGN9IGZvciBuLCB2LCBjIGluIHppcChOQU1FUywgbmV0cywgY250cyldCiAgICByZXR1cm4gewogICAgICAgICJ0b3RhbF9uZXQiOiBzdW0obmV0cyksCiAgICAgICAgInRpZXJzIjogdGllcnMsCiAgICAgICAgImxlZ2VuZCI6ICLlsI/ljZUgPDFrIMK3IOS4reWNlSAxa34zayDCtyDlpKfljZUgM2t+MTBrIMK3IOW3qOWNlSA+PTEwa++8iOWNleS9jSBVU0RU77yJIiwKICAgIH0K"}